# Generated by conda-lock.
# platform: linux-64
# input_hash: 042f05843f90a3168bba1cd5f2c9a5b9dc4a28b0879362b1d7febc070a1e04a8
@EXPLICIT
https://conda.anaconda.org/conda-forge/linux-64/_libgcc_mutex-0.1-conda_forge.tar.bz2#d7c89558ba9fa0495403155b64376d81
https://conda.anaconda.org/conda-forge/linux-64/ca-certificates-2024.8.30-hbcca054_0.conda#c27d1c142233b5bc9ca570c6e2e0c244
https://conda.anaconda.org/conda-forge/linux-64/python_abi-3.9-5_cp39.conda#40363a30db350596b5f225d0d5a33328
https://conda.anaconda.org/conda-forge/noarch/tzdata-2024b-hc8b5060_0.conda#8ac3367aafb1cc0a068483c580af8015
https://conda.anaconda.org/conda-forge/linux-64/ld_impl_linux-64-2.43-h712a8e2_1.conda#83e1364586ceb8d0739fbc85b5c95837
https://conda.anaconda.org/conda-forge/linux-64/libgomp-14.1.0-h77fa898_1.conda#23c255b008c4f2ae008f81edcabaca89
https://conda.anaconda.org/conda-forge/linux-64/_openmp_mutex-4.5-2_gnu.tar.bz2#73aaf86a425cc6e73fcf236a5a46396d
https://conda.anaconda.org/conda-forge/linux-64/libgcc-14.1.0-h77fa898_1.conda#002ef4463dd1e2b44a94a4ace468f5d2
https://conda.anaconda.org/conda-forge/linux-64/libbrotlicommon-1.1.0-hb9d3cd8_2.conda#41b599ed2b02abcfdd84302bff174b23
https://conda.anaconda.org/conda-forge/linux-64/libgcc-ng-14.1.0-h69a702a_1.conda#1efc0ad219877a73ef977af7dbb51f17
https://conda.anaconda.org/conda-forge/linux-64/libgfortran5-14.1.0-hc5f4f2c_1.conda#10a0cef64b784d6ab6da50ebca4e984d
https://conda.anaconda.org/conda-forge/linux-64/libstdcxx-14.1.0-hc0a3c3a_1.conda#9dbb9699ea467983ba8a4ba89b08b066
https://conda.anaconda.org/conda-forge/linux-64/pthread-stubs-0.4-hb9d3cd8_1002.conda#b3c17d95b5a10c6e64a21fa17573e70e
https://conda.anaconda.org/conda-forge/linux-64/xorg-libxau-1.0.11-hb9d3cd8_1.conda#77cbc488235ebbaab2b6e912d3934bae
https://conda.anaconda.org/conda-forge/linux-64/xorg-libxdmcp-1.1.5-hb9d3cd8_0.conda#8035c64cb77ed555e3f150b7b3972480
https://conda.anaconda.org/conda-forge/linux-64/libbrotlidec-1.1.0-hb9d3cd8_2.conda#9566f0bd264fbd463002e759b8a82401
https://conda.anaconda.org/conda-forge/linux-64/libbrotlienc-1.1.0-hb9d3cd8_2.conda#06f70867945ea6a84d35836af780f1de
https://conda.anaconda.org/conda-forge/linux-64/libdeflate-1.20-hd590300_0.conda#8e88f9389f1165d7c0936fe40d9a9a79
https://conda.anaconda.org/conda-forge/linux-64/libgfortran-14.1.0-h69a702a_1.conda#591e631bc1ae62c64f2ab4f66178c097
https://conda.anaconda.org/conda-forge/linux-64/libjpeg-turbo-3.0.0-hd590300_1.conda#ea25936bb4080d843790b586850f82b8
https://conda.anaconda.org/conda-forge/linux-64/libstdcxx-ng-14.1.0-h4852527_1.conda#bd2598399a70bb86d8218e95548d735e
https://conda.anaconda.org/conda-forge/linux-64/libwebp-base-1.4.0-hd590300_0.conda#b26e8aa824079e1be0294e7152ca4559
https://conda.anaconda.org/conda-forge/linux-64/libxcb-1.15-h0b41bf4_0.conda#33277193f5b92bad9fdd230eb700929c
https://conda.anaconda.org/conda-forge/linux-64/libzlib-1.2.13-h4ab18f5_6.conda#27329162c0dc732bcf67a4e0cd488125
https://conda.anaconda.org/conda-forge/linux-64/ncurses-6.5-he02047a_1.conda#70caf8bb6cf39a0b6b7efc885f51c0fe
https://conda.anaconda.org/conda-forge/linux-64/openssl-1.1.1w-hd590300_0.conda#301e70057a3bd399640bb16bbdf87995
https://conda.anaconda.org/conda-forge/linux-64/xz-5.2.6-h166bdaf_0.tar.bz2#2161070d867d1b1204ea749c8eec4ef0
https://conda.anaconda.org/conda-forge/linux-64/yaml-0.2.5-h7f98852_2.tar.bz2#4cb3ad778ec2d5a7acbdf254eb1c42ae
https://conda.anaconda.org/conda-forge/linux-64/brotli-bin-1.1.0-hb9d3cd8_2.conda#c63b5e52939e795ba8d26e35d767a843
https://conda.anaconda.org/conda-forge/linux-64/lerc-4.0.0-h27087fc_0.tar.bz2#76bbff344f0134279f225174e9064c8f
https://conda.anaconda.org/conda-forge/linux-64/libffi-3.3-h58526e2_2.tar.bz2#665369991d8dd290ac5ee92fce3e6bf5
https://conda.anaconda.org/conda-forge/linux-64/libgfortran-ng-14.1.0-h69a702a_1.conda#16cec94c5992d7f42ae3f9fa8b25df8d
https://conda.anaconda.org/conda-forge/linux-64/libpng-1.6.43-h2797004_0.conda#009981dd9cfcaa4dbfa25ffaed86bcae
https://conda.anaconda.org/conda-forge/linux-64/libsqlite-3.46.0-hde9e2c9_0.conda#18aa975d2094c34aef978060ae7da7d8
https://conda.anaconda.org/conda-forge/linux-64/qhull-2020.2-h434a139_5.conda#353823361b1d27eb3960efb076dfcaf6
https://conda.anaconda.org/conda-forge/linux-64/readline-8.2-h8228510_1.conda#47d31b792659ce70f470b5c82fdfb7a4
https://conda.anaconda.org/conda-forge/linux-64/tk-8.6.13-noxft_h4845f30_101.conda#d453b98d9c83e71da0741bb0ff4d76bc
https://conda.anaconda.org/conda-forge/linux-64/zlib-1.2.13-h4ab18f5_6.conda#559d338a4234c2ad6e676f460a093e67
https://conda.anaconda.org/conda-forge/linux-64/zstd-1.5.6-ha6fb4c9_0.conda#4d056880988120e29d75bfff282e0f45
https://conda.anaconda.org/conda-forge/linux-64/brotli-1.1.0-hb9d3cd8_2.conda#98514fe74548d768907ce7a13f680e8f
https://conda.anaconda.org/conda-forge/linux-64/freetype-2.12.1-h267a509_2.conda#9ae35c3d96db2c94ce0cef86efdfa2cb
https://conda.anaconda.org/conda-forge/linux-64/libopenblas-0.3.27-pthreads_hac2b453_1.conda#ae05ece66d3924ac3d48b4aa3fa96cec
https://conda.anaconda.org/conda-forge/linux-64/libtiff-4.6.0-h1dd3fc0_3.conda#66f03896ffbe1a110ffda05c7a856504
https://conda.anaconda.org/conda-forge/linux-64/sqlite-3.46.0-h6d4b2fc_0.conda#77ea8dff5cf8550cc8f5629a6af56323
https://conda.anaconda.org/conda-forge/linux-64/lcms2-2.16-hb7c19ff_0.conda#51bb7010fc86f70eee639b4bb7a894f5
https://conda.anaconda.org/conda-forge/linux-64/libblas-3.9.0-24_linux64_openblas.conda#80aea6603a6813b16ec119d00382b772
https://conda.anaconda.org/conda-forge/linux-64/openjpeg-2.5.2-h488ebb8_0.conda#7f2e286780f072ed750df46dc2631138
https://conda.anaconda.org/conda-forge/linux-64/python-3.9.0-hffdb5ce_5_cpython.tar.bz2#d26d64e4cf67cbfab3caf9176c9255de
https://conda.anaconda.org/conda-forge/linux-64/brotli-python-1.1.0-py39hf88036b_2.conda#8ea5af6ac902f1a4429190970d9099ce
https://conda.anaconda.org/conda-forge/noarch/certifi-2024.8.30-pyhd8ed1ab_0.conda#12f7d00853807b0531775e9be891cb11
https://conda.anaconda.org/conda-forge/noarch/cfgv-3.3.1-pyhd8ed1ab_0.tar.bz2#ebb5f5f7dc4f1a3780ef7ea7738db08c
https://conda.anaconda.org/conda-forge/noarch/charset-normalizer-3.4.0-pyhd8ed1ab_0.conda#a374efa97290b8799046df7c5ca17164
https://conda.anaconda.org/conda-forge/noarch/colorama-0.4.6-pyhd8ed1ab_0.tar.bz2#3faab06a954c2a04039983f2c4a50d99
https://conda.anaconda.org/conda-forge/noarch/cycler-0.12.1-pyhd8ed1ab_0.conda#5cd86562580f274031ede6aa6aa24441
https://conda.anaconda.org/conda-forge/noarch/distlib-0.3.9-pyhd8ed1ab_0.conda#fe521c1608280cc2803ebd26dc252212
https://conda.anaconda.org/conda-forge/noarch/exceptiongroup-1.2.2-pyhd8ed1ab_0.conda#d02ae936e42063ca46af6cdad2dbd1e0
https://conda.anaconda.org/conda-forge/noarch/filelock-3.16.1-pyhd8ed1ab_0.conda#916f8ec5dd4128cd5f207a3c4c07b2c6
https://conda.anaconda.org/conda-forge/noarch/hpack-4.0.0-pyh9f0ad1d_0.tar.bz2#914d6646c4dbb1fd3ff539830a12fd71
https://conda.anaconda.org/conda-forge/noarch/hyperframe-6.0.1-pyhd8ed1ab_0.tar.bz2#9f765cbfab6870c8435b9eefecd7a1f4
https://conda.anaconda.org/conda-forge/noarch/idna-3.10-pyhd8ed1ab_0.conda#7ba2ede0e7c795ff95088daf0dc59753
https://conda.anaconda.org/conda-forge/noarch/iniconfig-2.0.0-pyhd8ed1ab_0.conda#f800d2da156d08e289b14e87e43c1ae5
https://conda.anaconda.org/conda-forge/linux-64/kiwisolver-1.4.7-py39h74842e3_0.conda#1bf77976372ff6de02af7b75cf034ce5
https://conda.anaconda.org/conda-forge/linux-64/libcblas-3.9.0-24_linux64_openblas.conda#f5b8822297c9c790cec0795ca1fc9be6
https://conda.anaconda.org/conda-forge/linux-64/liblapack-3.9.0-24_linux64_openblas.conda#fd540578678aefe025705f4b58b36b2e
https://conda.anaconda.org/conda-forge/noarch/munkres-1.1.4-pyh9f0ad1d_0.tar.bz2#2ba8498c1018c1e9c61eb99b973dfe19
https://conda.anaconda.org/conda-forge/noarch/packaging-24.1-pyhd8ed1ab_0.conda#cbe1bb1f21567018ce595d9c2be0f0db
https://conda.anaconda.org/conda-forge/linux-64/pillow-10.3.0-py39h90c7501_0.conda#1e3b6af9592be71ce19f0a6aae05d97b
https://conda.anaconda.org/conda-forge/noarch/platformdirs-4.3.6-pyhd8ed1ab_0.conda#fd8f2b18b65bbf62e8f653100690c8d2
https://conda.anaconda.org/conda-forge/noarch/pluggy-1.5.0-pyhd8ed1ab_0.conda#d3483c8fc2dc2cc3f5cf43e26d60cabf
https://conda.anaconda.org/conda-forge/noarch/pycparser-2.22-pyhd8ed1ab_0.conda#844d9eb3b43095b031874477f7d70088
https://conda.anaconda.org/conda-forge/noarch/pyparsing-3.1.4-pyhd8ed1ab_0.conda#4d91352a50949d049cf9714c8563d433
https://conda.anaconda.org/conda-forge/noarch/pysocks-1.7.1-pyha2e5f31_6.tar.bz2#2a7de29fb590ca14b5243c4c812c8025
https://conda.anaconda.org/conda-forge/linux-64/pyyaml-6.0.2-py39h8cd3c5a_1.conda#76e82e62b7bda86a7fceb1f32585abad
https://conda.anaconda.org/conda-forge/noarch/setuptools-75.1.0-pyhd8ed1ab_0.conda#d5cd48392c67fb6849ba459c2c2b671f
https://conda.anaconda.org/conda-forge/noarch/six-1.16.0-pyh6c4a22f_0.tar.bz2#e5f25f8dbc060e9a8d912e432202afc2
https://conda.anaconda.org/conda-forge/noarch/toml-0.10.2-pyhd8ed1ab_0.tar.bz2#f832c45a477c78bebd107098db465095
https://conda.anaconda.org/conda-forge/noarch/tomli-2.0.2-pyhd8ed1ab_0.conda#e977934e00b355ff55ed154904044727
https://conda.anaconda.org/conda-forge/noarch/typing_extensions-4.12.2-pyha770c72_0.conda#ebe6952715e1d5eb567eeebf25250fa7
https://conda.anaconda.org/conda-forge/linux-64/unicodedata2-15.1.0-py39hd1e30aa_0.conda#1da984bbb6e765743e13388ba7b7b2c8
https://conda.anaconda.org/conda-forge/noarch/wheel-0.44.0-pyhd8ed1ab_0.conda#d44e3b085abcaef02983c6305b84b584
https://conda.anaconda.org/conda-forge/noarch/zipp-3.20.2-pyhd8ed1ab_0.conda#4daaed111c05672ae669f7036ee5bba3
https://conda.anaconda.org/conda-forge/linux-64/cffi-1.14.6-py39he32792d_0.tar.bz2#826d864bbf3d58d730a49557d9c29b80
https://conda.anaconda.org/conda-forge/linux-64/coverage-7.6.2-py39h8cd3c5a_0.conda#3c83710c33f63f14118640a102b6d571
https://conda.anaconda.org/conda-forge/linux-64/fonttools-4.54.1-py39h8cd3c5a_0.conda#a0987ca1f47be10976b5b53bc1f2db74
https://conda.anaconda.org/conda-forge/noarch/h2-4.1.0-pyhd8ed1ab_0.tar.bz2#b748fbf7060927a6e82df7cb5ee8f097
https://conda.anaconda.org/conda-forge/noarch/importlib_resources-6.4.5-pyhd8ed1ab_0.conda#c808991d29b9838fb4d96ce8267ec9ec
https://conda.anaconda.org/conda-forge/noarch/nodeenv-1.9.1-pyhd8ed1ab_0.conda#dfe0528d0f1c16c1f7c528ea5536ab30
https://conda.anaconda.org/conda-forge/linux-64/numpy-2.0.2-py39h9cb892a_0.conda#ed28982e8b085c5d47361fc4af0902ac
https://conda.anaconda.org/conda-forge/noarch/pip-24.2-pyh8b19718_1.conda#6c78fbb8ddfd64bcb55b5cbafd2d2c43
https://conda.anaconda.org/conda-forge/noarch/pytest-8.3.3-pyhd8ed1ab_0.conda#c03d61f31f38fdb9facf70c29958bf7a
https://conda.anaconda.org/conda-forge/noarch/python-dateutil-2.9.0-pyhd8ed1ab_0.conda#2cf4264fffb9e6eff6031c5b6884d61c
https://conda.anaconda.org/conda-forge/noarch/typing-extensions-4.12.2-hd8ed1ab_0.conda#52d648bd608f5737b123f510bb5514b5
https://conda.anaconda.org/conda-forge/noarch/virtualenv-20.26.6-pyhd8ed1ab_0.conda#a7aa70aa30c47aeb84672621a85a4ef8
https://conda.anaconda.org/conda-forge/linux-64/cftime-1.6.4-py39hf3d9206_1.conda#9e20a6226b704b4df686d475dd9b80a5
https://conda.anaconda.org/conda-forge/linux-64/contourpy-1.3.0-py39h74842e3_2.conda#5645190ef7f6d3aebee71e298dc9677b
https://conda.anaconda.org/conda-forge/noarch/importlib-resources-6.4.5-pyhd8ed1ab_0.conda#67f4772681cf86652f3e2261794cf045
https://conda.anaconda.org/conda-forge/noarch/pytest-cov-5.0.0-pyhd8ed1ab_0.conda#c54c0107057d67ddf077751339ec2c63
https://conda.anaconda.org/conda-forge/noarch/setuptools-scm-8.1.0-pyhd8ed1ab_0.conda#ba9f7f0ec4f2a18de3e7bce67c4a431e
https://conda.anaconda.org/conda-forge/linux-64/ukkonen-1.0.1-py39h74842e3_5.conda#d069a395f5e4613dc9d4d4079c757818
https://conda.anaconda.org/conda-forge/linux-64/zstandard-0.23.0-py39h08a7858_1.conda#cd9fa334e11886738f17254f52210bc3
https://conda.anaconda.org/conda-forge/noarch/identify-2.6.1-pyhd8ed1ab_0.conda#43f629202f9eec21be5f71171fb5daf8
https://conda.anaconda.org/conda-forge/linux-64/matplotlib-base-3.9.2-py39h16632d1_1.conda#83d48ae12dfd01615013e2e8ace6ff86
https://conda.anaconda.org/conda-forge/noarch/urllib3-2.2.3-pyhd8ed1ab_0.conda#6b55867f385dd762ed99ea687af32a69
https://conda.anaconda.org/conda-forge/noarch/pre-commit-4.0.1-pyha770c72_0.conda#5971cc64048943605f352f7f8612de6c
https://conda.anaconda.org/conda-forge/noarch/requests-2.32.3-pyhd8ed1ab_0.conda#5ede4753180c7a550a443c430dc8ab52
https://conda.anaconda.org/conda-forge/noarch/codecov-2.1.13-pyhd8ed1ab_0.conda#2cc61ba1dd53f0806247333f1294e058
